
Microsoft Visual Studio Solution File, Format Version 12.00
# Visual Studio Version 17
VisualStudioVersion = 17.0.31903.59
MinimumVisualStudioVersion = 10.0.40219.1
Project("{FAE04EC0-301F-11D3-BF4B-00C04F79EFBC}") = "ResearchTaskLib", "ResearchTaskLib\ResearchTaskLib.csproj", "{FFB1D43B-17D1-419D-B3FC-D8EE37E391B7}"
EndProject
Project("{FAE04EC0-301F-11D3-BF4B-00C04F79EFBC}") = "ResearchTaskTest", "ResearchTaskTest\ResearchTaskTest.csproj", "{7425CB16-2EAF-42DA-BF0A-D9ED01CDA010}"
EndProject
Project("{FAE04EC0-301F-11D3-BF4B-00C04F79EFBC}") = "ResearchTaskHelper", "ResearchTaskHelper\ResearchTaskHelper.csproj", "{57282C91-77D8-4138-9588-85D2D0FB4C27}"
EndProject
Global
	GlobalSection(SolutionConfigurationPlatforms) = preSolution
		Debug|Any CPU = Debug|Any CPU
		Release|Any CPU = Release|Any CPU
	EndGlobalSection
	GlobalSection(SolutionProperties) = preSolution
		HideSolutionNode = FALSE
	EndGlobalSection
	GlobalSection(ProjectConfigurationPlatforms) = postSolution
		{FFB1D43B-17D1-419D-B3FC-D8EE37E391B7}.Debug|Any CPU.ActiveCfg = Debug|Any CPU
		{FFB1D43B-17D1-419D-B3FC-D8EE37E391B7}.Debug|Any CPU.Build.0 = Debug|Any CPU
		{FFB1D43B-17D1-419D-B3FC-D8EE37E391B7}.Release|Any CPU.ActiveCfg = Release|Any CPU
		{FFB1D43B-17D1-419D-B3FC-D8EE37E391B7}.Release|Any CPU.Build.0 = Release|Any CPU
		{7425CB16-2EAF-42DA-BF0A-D9ED01CDA010}.Debug|Any CPU.ActiveCfg = Debug|Any CPU
		{7425CB16-2EAF-42DA-BF0A-D9ED01CDA010}.Debug|Any CPU.Build.0 = Debug|Any CPU
		{7425CB16-2EAF-42DA-BF0A-D9ED01CDA010}.Release|Any CPU.ActiveCfg = Release|Any CPU
		{7425CB16-2EAF-42DA-BF0A-D9ED01CDA010}.Release|Any CPU.Build.0 = Release|Any CPU
		{57282C91-77D8-4138-9588-85D2D0FB4C27}.Debug|Any CPU.ActiveCfg = Debug|Any CPU
		{57282C91-77D8-4138-9588-85D2D0FB4C27}.Debug|Any CPU.Build.0 = Debug|Any CPU
		{57282C91-77D8-4138-9588-85D2D0FB4C27}.Release|Any CPU.ActiveCfg = Release|Any CPU
		{57282C91-77D8-4138-9588-85D2D0FB4C27}.Release|Any CPU.Build.0 = Release|Any CPU
	EndGlobalSection
EndGlobal
